
Microsoft Visual Studio Solution File, Format Version 12.00
# Visual Studio 15
VisualStudioVersion = 15.0.27703.2035
MinimumVisualStudioVersion = 10.0.40219.1
Project("{FAE04EC0-301F-11D3-BF4B-00C04F79EFBC}") = "EpamWeb", "EpamWeb\EpamWeb.csproj", "{AC1887DB-2D0F-468F-8B2A-3A0C61A16EC6}"
EndProject
Project("{FAE04EC0-301F-11D3-BF4B-00C04F79EFBC}") = "PictureGallery", "MvcApplication\PictureGallery.csproj", "{B8892541-7D29-4C93-9726-95DA023D2DF4}"
EndProject
Global
	GlobalSection(SolutionConfigurationPlatforms) = preSolution
		Debug|Any CPU = Debug|Any CPU
		Release|Any CPU = Release|Any CPU
	EndGlobalSection
	GlobalSection(ProjectConfigurationPlatforms) = postSolution
		{AC1887DB-2D0F-468F-8B2A-3A0C61A16EC6}.Debug|Any CPU.ActiveCfg = Debug|Any CPU
		{AC1887DB-2D0F-468F-8B2A-3A0C61A16EC6}.Debug|Any CPU.Build.0 = Debug|Any CPU
		{AC1887DB-2D0F-468F-8B2A-3A0C61A16EC6}.Release|Any CPU.ActiveCfg = Release|Any CPU
		{AC1887DB-2D0F-468F-8B2A-3A0C61A16EC6}.Release|Any CPU.Build.0 = Release|Any CPU
		{B8892541-7D29-4C93-9726-95DA023D2DF4}.Debug|Any CPU.ActiveCfg = Debug|Any CPU
		{B8892541-7D29-4C93-9726-95DA023D2DF4}.Debug|Any CPU.Build.0 = Debug|Any CPU
		{B8892541-7D29-4C93-9726-95DA023D2DF4}.Release|Any CPU.ActiveCfg = Release|Any CPU
		{B8892541-7D29-4C93-9726-95DA023D2DF4}.Release|Any CPU.Build.0 = Release|Any CPU
	EndGlobalSection
	GlobalSection(SolutionProperties) = preSolution
		HideSolutionNode = FALSE
	EndGlobalSection
	GlobalSection(ExtensibilityGlobals) = postSolution
		SolutionGuid = {B53043BA-9DF0-4ECE-88DB-A7250B7D2A29}
	EndGlobalSection
EndGlobal
